
Microsoft Visual Studio Solution File, Format Version 12.00
# Visual Studio 15
VisualStudioVersion = 15.0.28307.489
MinimumVisualStudioVersion = 10.0.40219.1
Project("{FAE04EC0-301F-11D3-BF4B-00C04F79EFBC}") = "dicci.forms.api", "dicci.forms.api\dicci.forms.api.csproj", "{AAB9378F-7C9A-4FFF-96EE-4066C52A15E1}"
EndProject
Global
	GlobalSection(SolutionConfigurationPlatforms) = preSolution
		Debug|Any CPU = Debug|Any CPU
		Release|Any CPU = Release|Any CPU
	EndGlobalSection
	GlobalSection(ProjectConfigurationPlatforms) = postSolution
		{AAB9378F-7C9A-4FFF-96EE-4066C52A15E1}.Debug|Any CPU.ActiveCfg = Debug|Any CPU
		{AAB9378F-7C9A-4FFF-96EE-4066C52A15E1}.Debug|Any CPU.Build.0 = Debug|Any CPU
		{AAB9378F-7C9A-4FFF-96EE-4066C52A15E1}.Release|Any CPU.ActiveCfg = Release|Any CPU
		{AAB9378F-7C9A-4FFF-96EE-4066C52A15E1}.Release|Any CPU.Build.0 = Release|Any CPU
	EndGlobalSection
	GlobalSection(SolutionProperties) = preSolution
		HideSolutionNode = FALSE
	EndGlobalSection
	GlobalSection(ExtensibilityGlobals) = postSolution
		SolutionGuid = {D9D5324B-0561-47F1-929C-32722368EB8C}
	EndGlobalSection
EndGlobal
